
Microsoft Visual Studio Solution File, Format Version 12.00
# Visual Studio Version 17
VisualStudioVersion = 17.8.34309.116
MinimumVisualStudioVersion = 10.0.40219.1
Project("{9A19103F-16F7-4668-BE54-9A1E7A4F7556}") = "TerminalMatrix", "TerminalMatrix\TerminalMatrix.csproj", "{2EECE1F1-BD81-4844-9A7D-FA834B5A50A4}"
EndProject
Project("{9A19103F-16F7-4668-BE54-9A1E7A4F7556}") = "TestApplication", "TestApplication\TestApplication.csproj", "{783989C2-56BB-4CA3-BF17-11B2EFA8C2FD}"
EndProject
Project("{2150E333-8FDC-42A3-9474-1A3956D46DE8}") = "Solution Items", "Solution Items", "{DB79C756-2F42-4BF3-8591-2A8C1B237776}"
	ProjectSection(SolutionItems) = preProject
		README.md = README.md
	EndProjectSection
EndProject
Project("{9A19103F-16F7-4668-BE54-9A1E7A4F7556}") = "TerminalMatrixTests", "TerminalMatrixTests\TerminalMatrixTests.csproj", "{593157DB-BF8D-48E1-BA08-56D165FEFA30}"
EndProject
Project("{FAE04EC0-301F-11D3-BF4B-00C04F79EFBC}") = "AdventureGameExample", "AdventureGameExample\AdventureGameExample.csproj", "{88B3E7D6-150C-4427-9F24-19F02F46A2E3}"
EndProject
Global
	GlobalSection(SolutionConfigurationPlatforms) = preSolution
		Debug|Any CPU = Debug|Any CPU
		Release|Any CPU = Release|Any CPU
	EndGlobalSection
	GlobalSection(ProjectConfigurationPlatforms) = postSolution
		{2EECE1F1-BD81-4844-9A7D-FA834B5A50A4}.Debug|Any CPU.ActiveCfg = Debug|Any CPU
		{2EECE1F1-BD81-4844-9A7D-FA834B5A50A4}.Debug|Any CPU.Build.0 = Debug|Any CPU
		{2EECE1F1-BD81-4844-9A7D-FA834B5A50A4}.Release|Any CPU.ActiveCfg = Release|Any CPU
		{2EECE1F1-BD81-4844-9A7D-FA834B5A50A4}.Release|Any CPU.Build.0 = Release|Any CPU
		{783989C2-56BB-4CA3-BF17-11B2EFA8C2FD}.Debug|Any CPU.ActiveCfg = Debug|Any CPU
		{783989C2-56BB-4CA3-BF17-11B2EFA8C2FD}.Debug|Any CPU.Build.0 = Debug|Any CPU
		{783989C2-56BB-4CA3-BF17-11B2EFA8C2FD}.Release|Any CPU.ActiveCfg = Release|Any CPU
		{783989C2-56BB-4CA3-BF17-11B2EFA8C2FD}.Release|Any CPU.Build.0 = Release|Any CPU
		{593157DB-BF8D-48E1-BA08-56D165FEFA30}.Debug|Any CPU.ActiveCfg = Debug|Any CPU
		{593157DB-BF8D-48E1-BA08-56D165FEFA30}.Debug|Any CPU.Build.0 = Debug|Any CPU
		{593157DB-BF8D-48E1-BA08-56D165FEFA30}.Release|Any CPU.ActiveCfg = Release|Any CPU
		{593157DB-BF8D-48E1-BA08-56D165FEFA30}.Release|Any CPU.Build.0 = Release|Any CPU
		{88B3E7D6-150C-4427-9F24-19F02F46A2E3}.Debug|Any CPU.ActiveCfg = Debug|Any CPU
		{88B3E7D6-150C-4427-9F24-19F02F46A2E3}.Debug|Any CPU.Build.0 = Debug|Any CPU
		{88B3E7D6-150C-4427-9F24-19F02F46A2E3}.Release|Any CPU.ActiveCfg = Release|Any CPU
		{88B3E7D6-150C-4427-9F24-19F02F46A2E3}.Release|Any CPU.Build.0 = Release|Any CPU
	EndGlobalSection
	GlobalSection(SolutionProperties) = preSolution
		HideSolutionNode = FALSE
	EndGlobalSection
	GlobalSection(ExtensibilityGlobals) = postSolution
		SolutionGuid = {961746E4-D537-4BA0-A0FB-FA412319D43D}
	EndGlobalSection
EndGlobal
